
Microsoft Visual Studio Solution File, Format Version 12.00
# Visual Studio 15
Project("{FAE04EC0-301F-11D3-BF4B-00C04F79EFBC}") = "Assembly-CSharp", "Assembly-CSharp.csproj", "{A762DD46-2800-A4F5-8A53-2F58E6D775D7}"
EndProject
Project("{FAE04EC0-301F-11D3-BF4B-00C04F79EFBC}") = "Assembly-CSharp-Editor", "Assembly-CSharp-Editor.csproj", "{9888C16D-CC4F-CEE8-2B6E-D08FBEBA4F0C}"
EndProject
Global
	GlobalSection(SolutionConfigurationPlatforms) = preSolution
		Debug|Any CPU = Debug|Any CPU
		Release|Any CPU = Release|Any CPU
	EndGlobalSection
	GlobalSection(ProjectConfigurationPlatforms) = postSolution
		{A762DD46-2800-A4F5-8A53-2F58E6D775D7}.Debug|Any CPU.ActiveCfg = Debug|Any CPU
		{A762DD46-2800-A4F5-8A53-2F58E6D775D7}.Debug|Any CPU.Build.0 = Debug|Any CPU
		{A762DD46-2800-A4F5-8A53-2F58E6D775D7}.Release|Any CPU.ActiveCfg = Release|Any CPU
		{A762DD46-2800-A4F5-8A53-2F58E6D775D7}.Release|Any CPU.Build.0 = Release|Any CPU
		{9888C16D-CC4F-CEE8-2B6E-D08FBEBA4F0C}.Debug|Any CPU.ActiveCfg = Debug|Any CPU
		{9888C16D-CC4F-CEE8-2B6E-D08FBEBA4F0C}.Debug|Any CPU.Build.0 = Debug|Any CPU
		{9888C16D-CC4F-CEE8-2B6E-D08FBEBA4F0C}.Release|Any CPU.ActiveCfg = Release|Any CPU
		{9888C16D-CC4F-CEE8-2B6E-D08FBEBA4F0C}.Release|Any CPU.Build.0 = Release|Any CPU
	EndGlobalSection
	GlobalSection(SolutionProperties) = preSolution
		HideSolutionNode = FALSE
	EndGlobalSection
EndGlobal
